
Microsoft Visual Studio Solution File, Format Version 12.00
# Visual Studio Version 16
VisualStudioVersion = 16.0.30503.244
MinimumVisualStudioVersion = 10.0.40219.1
Project("{FAE04EC0-301F-11D3-BF4B-00C04F79EFBC}") = "Calculator", "Calculator\Calculator.csproj", "{9DAB09B1-AA3F-4069-B447-29140628A9AB}"
EndProject
Project("{FAE04EC0-301F-11D3-BF4B-00C04F79EFBC}") = "CalculatorLibrary", "CalculatorLibrary\CalculatorLibrary.csproj", "{C40B673C-0AB4-425A-9FAD-193349002464}"
EndProject
Global
	GlobalSection(SolutionConfigurationPlatforms) = preSolution
		Debug|Any CPU = Debug|Any CPU
		Release|Any CPU = Release|Any CPU
	EndGlobalSection
	GlobalSection(ProjectConfigurationPlatforms) = postSolution
		{9DAB09B1-AA3F-4069-B447-29140628A9AB}.Debug|Any CPU.ActiveCfg = Debug|Any CPU
		{9DAB09B1-AA3F-4069-B447-29140628A9AB}.Debug|Any CPU.Build.0 = Debug|Any CPU
		{9DAB09B1-AA3F-4069-B447-29140628A9AB}.Release|Any CPU.ActiveCfg = Release|Any CPU
		{9DAB09B1-AA3F-4069-B447-29140628A9AB}.Release|Any CPU.Build.0 = Release|Any CPU
		{C40B673C-0AB4-425A-9FAD-193349002464}.Debug|Any CPU.ActiveCfg = Debug|Any CPU
		{C40B673C-0AB4-425A-9FAD-193349002464}.Debug|Any CPU.Build.0 = Debug|Any CPU
		{C40B673C-0AB4-425A-9FAD-193349002464}.Release|Any CPU.ActiveCfg = Release|Any CPU
		{C40B673C-0AB4-425A-9FAD-193349002464}.Release|Any CPU.Build.0 = Release|Any CPU
	EndGlobalSection
	GlobalSection(SolutionProperties) = preSolution
		HideSolutionNode = FALSE
	EndGlobalSection
	GlobalSection(ExtensibilityGlobals) = postSolution
		SolutionGuid = {8210F21B-F6ED-425B-AF41-7712AC1669CD}
	EndGlobalSection
EndGlobal
